
Microsoft Visual Studio Solution File, Format Version 12.00
# Visual Studio Version 17
VisualStudioVersion = 17.1.32414.318
MinimumVisualStudioVersion = 10.0.40219.1
Project("{9A19103F-16F7-4668-BE54-9A1E7A4F7556}") = "Contracts", "Contracts\Contracts.csproj", "{7A770CF6-781A-42B3-952D-03CD9EDA0E17}"
EndProject
Project("{9A19103F-16F7-4668-BE54-9A1E7A4F7556}") = "LoggerService", "LoggerManager\LoggerService.csproj", "{2250D967-E280-42B7-B0E7-3E1FC3F8CC8A}"
EndProject
Project("{9A19103F-16F7-4668-BE54-9A1E7A4F7556}") = "Entities", "Entities\Entities.csproj", "{00237D10-19FA-4525-AFA6-647FA100E619}"
EndProject
Project("{9A19103F-16F7-4668-BE54-9A1E7A4F7556}") = "Repository", "Repository\Repository.csproj", "{B0C2BF9E-9DAB-4755-ADA9-08840D7D457E}"
EndProject
Project("{FAE04EC0-301F-11D3-BF4B-00C04F79EFBC}") = "API", "API\API.csproj", "{11B12CB2-ABD8-43C0-8016-3648FAFCD44B}"
EndProject
Global
	GlobalSection(SolutionConfigurationPlatforms) = preSolution
		Debug|Any CPU = Debug|Any CPU
		Release|Any CPU = Release|Any CPU
	EndGlobalSection
	GlobalSection(ProjectConfigurationPlatforms) = postSolution
		{7A770CF6-781A-42B3-952D-03CD9EDA0E17}.Debug|Any CPU.ActiveCfg = Debug|Any CPU
		{7A770CF6-781A-42B3-952D-03CD9EDA0E17}.Debug|Any CPU.Build.0 = Debug|Any CPU
		{7A770CF6-781A-42B3-952D-03CD9EDA0E17}.Release|Any CPU.ActiveCfg = Release|Any CPU
		{7A770CF6-781A-42B3-952D-03CD9EDA0E17}.Release|Any CPU.Build.0 = Release|Any CPU
		{2250D967-E280-42B7-B0E7-3E1FC3F8CC8A}.Debug|Any CPU.ActiveCfg = Debug|Any CPU
		{2250D967-E280-42B7-B0E7-3E1FC3F8CC8A}.Debug|Any CPU.Build.0 = Debug|Any CPU
		{2250D967-E280-42B7-B0E7-3E1FC3F8CC8A}.Release|Any CPU.ActiveCfg = Release|Any CPU
		{2250D967-E280-42B7-B0E7-3E1FC3F8CC8A}.Release|Any CPU.Build.0 = Release|Any CPU
		{00237D10-19FA-4525-AFA6-647FA100E619}.Debug|Any CPU.ActiveCfg = Debug|Any CPU
		{00237D10-19FA-4525-AFA6-647FA100E619}.Debug|Any CPU.Build.0 = Debug|Any CPU
		{00237D10-19FA-4525-AFA6-647FA100E619}.Release|Any CPU.ActiveCfg = Release|Any CPU
		{00237D10-19FA-4525-AFA6-647FA100E619}.Release|Any CPU.Build.0 = Release|Any CPU
		{B0C2BF9E-9DAB-4755-ADA9-08840D7D457E}.Debug|Any CPU.ActiveCfg = Debug|Any CPU
		{B0C2BF9E-9DAB-4755-ADA9-08840D7D457E}.Debug|Any CPU.Build.0 = Debug|Any CPU
		{B0C2BF9E-9DAB-4755-ADA9-08840D7D457E}.Release|Any CPU.ActiveCfg = Release|Any CPU
		{B0C2BF9E-9DAB-4755-ADA9-08840D7D457E}.Release|Any CPU.Build.0 = Release|Any CPU
		{11B12CB2-ABD8-43C0-8016-3648FAFCD44B}.Debug|Any CPU.ActiveCfg = Debug|Any CPU
		{11B12CB2-ABD8-43C0-8016-3648FAFCD44B}.Debug|Any CPU.Build.0 = Debug|Any CPU
		{11B12CB2-ABD8-43C0-8016-3648FAFCD44B}.Release|Any CPU.ActiveCfg = Release|Any CPU
		{11B12CB2-ABD8-43C0-8016-3648FAFCD44B}.Release|Any CPU.Build.0 = Release|Any CPU
	EndGlobalSection
	GlobalSection(SolutionProperties) = preSolution
		HideSolutionNode = FALSE
	EndGlobalSection
	GlobalSection(ExtensibilityGlobals) = postSolution
		SolutionGuid = {A06A83FF-65E9-4356-83AB-F03542DBB7A7}
	EndGlobalSection
EndGlobal
